
Microsoft Visual Studio Solution File, Format Version 12.00
# Visual Studio 2012
Project("{FAE04EC0-301F-11D3-BF4B-00C04F79EFBC}") = "01. Shape", "01. Shape\01. Shape.csproj", "{D44C6AFD-7278-4784-8F4F-E56B80CB092F}"
EndProject
Project("{FAE04EC0-301F-11D3-BF4B-00C04F79EFBC}") = "02. Bank", "02. Bank\02. Bank.csproj", "{6CFEF0DF-9CDA-4363-93DA-6D5961AF2D5E}"
EndProject
Project("{FAE04EC0-301F-11D3-BF4B-00C04F79EFBC}") = "03. InvalidRangeException", "03. InvalidRangeException\03. InvalidRangeException.csproj", "{B86986A2-7505-4B65-8C65-01CC5B807121}"
EndProject
Global
	GlobalSection(SolutionConfigurationPlatforms) = preSolution
		Debug|Any CPU = Debug|Any CPU
		Release|Any CPU = Release|Any CPU
	EndGlobalSection
	GlobalSection(ProjectConfigurationPlatforms) = postSolution
		{D44C6AFD-7278-4784-8F4F-E56B80CB092F}.Debug|Any CPU.ActiveCfg = Debug|Any CPU
		{D44C6AFD-7278-4784-8F4F-E56B80CB092F}.Debug|Any CPU.Build.0 = Debug|Any CPU
		{D44C6AFD-7278-4784-8F4F-E56B80CB092F}.Release|Any CPU.ActiveCfg = Release|Any CPU
		{D44C6AFD-7278-4784-8F4F-E56B80CB092F}.Release|Any CPU.Build.0 = Release|Any CPU
		{6CFEF0DF-9CDA-4363-93DA-6D5961AF2D5E}.Debug|Any CPU.ActiveCfg = Debug|Any CPU
		{6CFEF0DF-9CDA-4363-93DA-6D5961AF2D5E}.Debug|Any CPU.Build.0 = Debug|Any CPU
		{6CFEF0DF-9CDA-4363-93DA-6D5961AF2D5E}.Release|Any CPU.ActiveCfg = Release|Any CPU
		{6CFEF0DF-9CDA-4363-93DA-6D5961AF2D5E}.Release|Any CPU.Build.0 = Release|Any CPU
		{B86986A2-7505-4B65-8C65-01CC5B807121}.Debug|Any CPU.ActiveCfg = Debug|Any CPU
		{B86986A2-7505-4B65-8C65-01CC5B807121}.Debug|Any CPU.Build.0 = Debug|Any CPU
		{B86986A2-7505-4B65-8C65-01CC5B807121}.Release|Any CPU.ActiveCfg = Release|Any CPU
		{B86986A2-7505-4B65-8C65-01CC5B807121}.Release|Any CPU.Build.0 = Release|Any CPU
	EndGlobalSection
	GlobalSection(SolutionProperties) = preSolution
		HideSolutionNode = FALSE
	EndGlobalSection
EndGlobal
